// !$*UTF8*$!
{
	archiveVersion = 1;
	classes = {
	};
	objectVersion = 56;
	objects = {

/* Begin PBXBuildFile section */
		AF60132028EE623D00E2796A /* Build_NetflixApp.swift in Sources */ = {isa = PBXBuildFile; fileRef = AF60131F28EE623D00E2796A /* Build_NetflixApp.swift */; };
		AF60132228EE623D00E2796A /* ContentView.swift in Sources */ = {isa = PBXBuildFile; fileRef = AF60132128EE623D00E2796A /* ContentView.swift */; };
		AF60132428EE623E00E2796A /* Assets.xcassets in Resources */ = {isa = PBXBuildFile; fileRef = AF60132328EE623E00E2796A /* Assets.xcassets */; };
		AF60132728EE623E00E2796A /* Preview Assets.xcassets in Resources */ = {isa = PBXBuildFile; fileRef = AF60132628EE623E00E2796A /* Preview Assets.xcassets */; };
		AF60132E28EE634A00E2796A /* HomeView.swift in Sources */ = {isa = PBXBuildFile; fileRef = AF60132D28EE634A00E2796A /* HomeView.swift */; };
		AF60133328EE64DB00E2796A /* Movie.swift in Sources */ = {isa = PBXBuildFile; fileRef = AF60133228EE64DB00E2796A /* Movie.swift */; };
		AF60133528EE657600E2796A /* StandardHomeMovie.swift in Sources */ = {isa = PBXBuildFile; fileRef = AF60133428EE657600E2796A /* StandardHomeMovie.swift */; };
		AF60133A28EE69AA00E2796A /* KingfisherSwiftUI in Frameworks */ = {isa = PBXBuildFile; productRef = AF60133928EE69AA00E2796A /* KingfisherSwiftUI */; };
		AF60133C28EE6C7900E2796A /* GlobalHelpers.swift in Sources */ = {isa = PBXBuildFile; fileRef = AF60133B28EE6C7900E2796A /* GlobalHelpers.swift */; };
		AF60133E28EE6CB900E2796A /* HomeVM.swift in Sources */ = {isa = PBXBuildFile; fileRef = AF60133D28EE6CB900E2796A /* HomeVM.swift */; };
/* End PBXBuildFile section */

/* Begin PBXFileReference section */
		AF60131C28EE623D00E2796A /* Build Netflix.app */ = {isa = PBXFileReference; explicitFileType = wrapper.application; includeInIndex = 0; path = "Build Netflix.app"; sourceTree = BUILT_PRODUCTS_DIR; };
		AF60131F28EE623D00E2796A /* Build_NetflixApp.swift */ = {isa = PBXFileReference; lastKnownFileType = sourcecode.swift; path = Build_NetflixApp.swift; sourceTree = "<group>"; };
		AF60132128EE623D00E2796A /* ContentView.swift */ = {isa = PBXFileReference; lastKnownFileType = sourcecode.swift; path = ContentView.swift; sourceTree = "<group>"; };
		AF60132328EE623E00E2796A /* Assets.xcassets */ = {isa = PBXFileReference; lastKnownFileType = folder.assetcatalog; path = Assets.xcassets; sourceTree = "<group>"; };
		AF60132628EE623E00E2796A /* Preview Assets.xcassets */ = {isa = PBXFileReference; lastKnownFileType = folder.assetcatalog; path = "Preview Assets.xcassets"; sourceTree = "<group>"; };
		AF60132D28EE634A00E2796A /* HomeView.swift */ = {isa = PBXFileReference; lastKnownFileType = sourcecode.swift; path = HomeView.swift; sourceTree = "<group>"; };
		AF60133228EE64DB00E2796A /* Movie.swift */ = {isa = PBXFileReference; lastKnownFileType = sourcecode.swift; path = Movie.swift; sourceTree = "<group>"; };
		AF60133428EE657600E2796A /* StandardHomeMovie.swift */ = {isa = PBXFileReference; lastKnownFileType = sourcecode.swift; path = StandardHomeMovie.swift; sourceTree = "<group>"; };
		AF60133B28EE6C7900E2796A /* GlobalHelpers.swift */ = {isa = PBXFileReference; lastKnownFileType = sourcecode.swift; path = GlobalHelpers.swift; sourceTree = "<group>"; };
		AF60133D28EE6CB900E2796A /* HomeVM.swift */ = {isa = PBXFileReference; lastKnownFileType = sourcecode.swift; path = HomeVM.swift; sourceTree = "<group>"; };
/* End PBXFileReference section */

/* Begin PBXFrameworksBuildPhase section */
		AF60131928EE623D00E2796A /* Frameworks */ = {
			isa = PBXFrameworksBuildPhase;
			buildActionMask = 2147483647;
			files = (
				AF60133A28EE69AA00E2796A /* KingfisherSwiftUI in Frameworks */,
			);
			runOnlyForDeploymentPostprocessing = 0;
		};
/* End PBXFrameworksBuildPhase section */

/* Begin PBXGroup section */
		AF60131328EE623D00E2796A = {
			isa = PBXGroup;
			children = (
				AF60131E28EE623D00E2796A /* Build Netflix */,
				AF60131D28EE623D00E2796A /* Products */,
			);
			sourceTree = "<group>";
		};
		AF60131D28EE623D00E2796A /* Products */ = {
			isa = PBXGroup;
			children = (
				AF60131C28EE623D00E2796A /* Build Netflix.app */,
			);
			name = Products;
			sourceTree = "<group>";
		};
		AF60131E28EE623D00E2796A /* Build Netflix */ = {
			isa = PBXGroup;
			children = (
				AF60131F28EE623D00E2796A /* Build_NetflixApp.swift */,
				AF60132128EE623D00E2796A /* ContentView.swift */,
				AF60132D28EE634A00E2796A /* HomeView.swift */,
				AF60133D28EE6CB900E2796A /* HomeVM.swift */,
				AF60133228EE64DB00E2796A /* Movie.swift */,
				AF60133428EE657600E2796A /* StandardHomeMovie.swift */,
				AF60132328EE623E00E2796A /* Assets.xcassets */,
				AF60132528EE623E00E2796A /* Preview Content */,
				AF60133B28EE6C7900E2796A /* GlobalHelpers.swift */,
			);
			path = "Build Netflix";
			sourceTree = "<group>";
		};
		AF60132528EE623E00E2796A /* Preview Content */ = {
			isa = PBXGroup;
			children = (
				AF60132628EE623E00E2796A /* Preview Assets.xcassets */,
			);
			path = "Preview Content";
			sourceTree = "<group>";
		};
/* End PBXGroup section */

/* Begin PBXNativeTarget section */
		AF60131B28EE623D00E2796A /* Build Netflix */ = {
			isa = PBXNativeTarget;
			buildConfigurationList = AF60132A28EE623E00E2796A /* Build configuration list for PBXNativeTarget "Build Netflix" */;
			buildPhases = (
				AF60131828EE623D00E2796A /* Sources */,
				AF60131928EE623D00E2796A /* Frameworks */,
				AF60131A28EE623D00E2796A /* Resources */,
			);
			buildRules = (
			);
			dependencies = (
			);
			name = "Build Netflix";
			packageProductDependencies = (
				AF60133928EE69AA00E2796A /* KingfisherSwiftUI */,
			);
			productName = "Build Netflix";
			productReference = AF60131C28EE623D00E2796A /* Build Netflix.app */;
			productType = "com.apple.product-type.application";
		};
/* End PBXNativeTarget section */

/* Begin PBXProject section */
		AF60131428EE623D00E2796A /* Project object */ = {
			isa = PBXProject;
			attributes = {
				BuildIndependentTargetsInParallel = 1;
				LastSwiftUpdateCheck = 1400;
				LastUpgradeCheck = 1400;
				TargetAttributes = {
					AF60131B28EE623D00E2796A = {
						CreatedOnToolsVersion = 14.0;
					};
				};
			};
			buildConfigurationList = AF60131728EE623D00E2796A /* Build configuration list for PBXProject "Build Netflix" */;
			compatibilityVersion = "Xcode 14.0";
			developmentRegion = en;
			hasScannedForEncodings = 0;
			knownRegions = (
				en,
				Base,
			);
			mainGroup = AF60131328EE623D00E2796A;
			packageReferences = (
				AF60133828EE69AA00E2796A /* XCRemoteSwiftPackageReference "Kingfisher" */,
			);
			productRefGroup = AF60131D28EE623D00E2796A /* Products */;
			projectDirPath = "";
			projectRoot = "";
			targets = (
				AF60131B28EE623D00E2796A /* Build Netflix */,
			);
		};
/* End PBXProject section */

/* Begin PBXResourcesBuildPhase section */
		AF60131A28EE623D00E2796A /* Resources */ = {
			isa = PBXResourcesBuildPhase;
			buildActionMask = 2147483647;
			files = (
				AF60132728EE623E00E2796A /* Preview Assets.xcassets in Resources */,
				AF60132428EE623E00E2796A /* Assets.xcassets in Resources */,
			);
			runOnlyForDeploymentPostprocessing = 0;
		};
/* End PBXResourcesBuildPhase section */

/* Begin PBXSourcesBuildPhase section */
		AF60131828EE623D00E2796A /* Sources */ = {
			isa = PBXSourcesBuildPhase;
			buildActionMask = 2147483647;
			files = (
				AF60133C28EE6C7900E2796A /* GlobalHelpers.swift in Sources */,
				AF60132E28EE634A00E2796A /* HomeView.swift in Sources */,
				AF60133E28EE6CB900E2796A /* HomeVM.swift in Sources */,
				AF60132228EE623D00E2796A /* ContentView.swift in Sources */,
				AF60133528EE657600E2796A /* StandardHomeMovie.swift in Sources */,
				AF60133328EE64DB00E2796A /* Movie.swift in Sources */,
				AF60132028EE623D00E2796A /* Build_NetflixApp.swift in Sources */,
			);
			runOnlyForDeploymentPostprocessing = 0;
		};
/* End PBXSourcesBuildPhase section */

/* Begin XCBuildConfiguration section */
		AF60132828EE623E00E2796A /* Debug */ = {
			isa = XCBuildConfiguration;
			buildSettings = {
				ALWAYS_SEARCH_USER_PATHS = NO;
				CLANG_ANALYZER_NONNULL = YES;
				CLANG_ANALYZER_NUMBER_OBJECT_CONVERSION = YES_AGGRESSIVE;
				CLANG_CXX_LANGUAGE_STANDARD = "gnu++20";
				CLANG_ENABLE_MODULES = YES;
				CLANG_ENABLE_OBJC_ARC = YES;
				CLANG_ENABLE_OBJC_WEAK = YES;
				CLANG_WARN_BLOCK_CAPTURE_AUTORELEASING = YES;
				CLANG_WARN_BOOL_CONVERSION = YES;
				CLANG_WARN_COMMA = YES;
				CLANG_WARN_CONSTANT_CONVERSION = YES;
				CLANG_WARN_DEPRECATED_OBJC_IMPLEMENTATIONS = YES;
				CLANG_WARN_DIRECT_OBJC_ISA_USAGE = YES_ERROR;
				CLANG_WARN_DOCUMENTATION_COMMENTS = YES;
				CLANG_WARN_EMPTY_BODY = YES;
				CLANG_WARN_ENUM_CONVERSION = YES;
				CLANG_WARN_INFINITE_RECURSION = YES;
				CLANG_WARN_INT_CONVERSION = YES;
				CLANG_WARN_NON_LITERAL_NULL_CONVERSION = YES;
				CLANG_WARN_OBJC_IMPLICIT_RETAIN_SELF = YES;
				CLANG_WARN_OBJC_LITERAL_CONVERSION = YES;
				CLANG_WARN_OBJC_ROOT_CLASS = YES_ERROR;
				CLANG_WARN_QUOTED_INCLUDE_IN_FRAMEWORK_HEADER = YES;
				CLANG_WARN_RANGE_LOOP_ANALYSIS = YES;
				CLANG_WARN_STRICT_PROTOTYPES = YES;
				CLANG_WARN_SUSPICIOUS_MOVE = YES;
				CLANG_WARN_UNGUARDED_AVAILABILITY = YES_AGGRESSIVE;
				CLANG_WARN_UNREACHABLE_CODE = YES;
				CLANG_WARN__DUPLICATE_METHOD_MATCH = YES;
				COPY_PHASE_STRIP = NO;
				DEBUG_INFORMATION_FORMAT = dwarf;
				ENABLE_STRICT_OBJC_MSGSEND = YES;
				ENABLE_TESTABILITY = YES;
				GCC_C_LANGUAGE_STANDARD = gnu11;
				GCC_DYNAMIC_NO_PIC = NO;
				GCC_NO_COMMON_BLOCKS = YES;
				GCC_OPTIMIZATION_LEVEL = 0;
				GCC_PREPROCESSOR_DEFINITIONS = (
					"DEBUG=1",
					"$(inherited)",
				);
				GCC_WARN_64_TO_32_BIT_CONVERSION = YES;
				GCC_WARN_ABOUT_RETURN_TYPE = YES_ERROR;
				GCC_WARN_UNDECLARED_SELECTOR = YES;
				GCC_WARN_UNINITIALIZED_AUTOS = YES_AGGRESSIVE;
				GCC_WARN_UNUSED_FUNCTION = YES;
				GCC_WARN_UNUSED_VARIABLE = YES;
				IPHONEOS_DEPLOYMENT_TARGET = 16.0;
				MTL_ENABLE_DEBUG_INFO = INCLUDE_SOURCE;
				MTL_FAST_MATH = YES;
				ONLY_ACTIVE_ARCH = YES;
				SDKROOT = iphoneos;
				SWIFT_ACTIVE_COMPILATION_CONDITIONS = DEBUG;
				SWIFT_OPTIMIZATION_LEVEL = "-Onone";
			};
			name = Debug;
		};
		AF60132928EE623E00E2796A /* Release */ = {
			isa = XCBuildConfiguration;
			buildSettings = {
				ALWAYS_SEARCH_USER_PATHS = NO;
				CLANG_ANALYZER_NONNULL = YES;
				CLANG_ANALYZER_NUMBER_OBJECT_CONVERSION = YES_AGGRESSIVE;
				CLANG_CXX_LANGUAGE_STANDARD = "gnu++20";
				CLANG_ENABLE_MODULES = YES;
				CLANG_ENABLE_OBJC_ARC = YES;
				CLANG_ENABLE_OBJC_WEAK = YES;
				CLANG_WARN_BLOCK_CAPTURE_AUTORELEASING = YES;
				CLANG_WARN_BOOL_CONVERSION = YES;
				CLANG_WARN_COMMA = YES;
				CLANG_WARN_CONSTANT_CONVERSION = YES;
				CLANG_WARN_DEPRECATED_OBJC_IMPLEMENTATIONS = YES;
				CLANG_WARN_DIRECT_OBJC_ISA_USAGE = YES_ERROR;
				CLANG_WARN_DOCUMENTATION_COMMENTS = YES;
				CLANG_WARN_EMPTY_BODY = YES;
				CLANG_WARN_ENUM_CONVERSION = YES;
				CLANG_WARN_INFINITE_RECURSION = YES;
				CLANG_WARN_INT_CONVERSION = YES;
				CLANG_WARN_NON_LITERAL_NULL_CONVERSION = YES;
				CLANG_WARN_OBJC_IMPLICIT_RETAIN_SELF = YES;
				CLANG_WARN_OBJC_LITERAL_CONVERSION = YES;
				CLANG_WARN_OBJC_ROOT_CLASS = YES_ERROR;
				CLANG_WARN_QUOTED_INCLUDE_IN_FRAMEWORK_HEADER = YES;
				CLANG_WARN_RANGE_LOOP_ANALYSIS = YES;
				CLANG_WARN_STRICT_PROTOTYPES = YES;
				CLANG_WARN_SUSPICIOUS_MOVE = YES;
				CLANG_WARN_UNGUARDED_AVAILABILITY = YES_AGGRESSIVE;
				CLANG_WARN_UNREACHABLE_CODE = YES;
				CLANG_WARN__DUPLICATE_METHOD_MATCH = YES;
				COPY_PHASE_STRIP = NO;
				DEBUG_INFORMATION_FORMAT = "dwarf-with-dsym";
				ENABLE_NS_ASSERTIONS = NO;
				ENABLE_STRICT_OBJC_MSGSEND = YES;
				GCC_C_LANGUAGE_STANDARD = gnu11;
				GCC_NO_COMMON_BLOCKS = YES;
				GCC_WARN_64_TO_32_BIT_CONVERSION = YES;
				GCC_WARN_ABOUT_RETURN_TYPE = YES_ERROR;
				GCC_WARN_UNDECLARED_SELECTOR = YES;
				GCC_WARN_UNINITIALIZED_AUTOS = YES_AGGRESSIVE;
				GCC_WARN_UNUSED_FUNCTION = YES;
				GCC_WARN_UNUSED_VARIABLE = YES;
				IPHONEOS_DEPLOYMENT_TARGET = 16.0;
				MTL_ENABLE_DEBUG_INFO = NO;
				MTL_FAST_MATH = YES;
				SDKROOT = iphoneos;
				SWIFT_COMPILATION_MODE = wholemodule;
				SWIFT_OPTIMIZATION_LEVEL = "-O";
				VALIDATE_PRODUCT = YES;
			};
			name = Release;
		};
		AF60132B28EE623E00E2796A /* Debug */ = {
			isa = XCBuildConfiguration;
			buildSettings = {
				ASSETCATALOG_COMPILER_APPICON_NAME = AppIcon;
				ASSETCATALOG_COMPILER_GLOBAL_ACCENT_COLOR_NAME = AccentColor;
				CODE_SIGN_STYLE = Automatic;
				CURRENT_PROJECT_VERSION = 1;
				DEVELOPMENT_ASSET_PATHS = "\"Build Netflix/Preview Content\"";
				DEVELOPMENT_TEAM = 8462M2Q487;
				ENABLE_PREVIEWS = YES;
				GENERATE_INFOPLIST_FILE = YES;
				INFOPLIST_KEY_UIApplicationSceneManifest_Generation = YES;
				INFOPLIST_KEY_UIApplicationSupportsIndirectInputEvents = YES;
				INFOPLIST_KEY_UILaunchScreen_Generation = YES;
				INFOPLIST_KEY_UISupportedInterfaceOrientations_iPad = "UIInterfaceOrientationPortrait UIInterfaceOrientationPortraitUpsideDown UIInterfaceOrientationLandscapeLeft UIInterfaceOrientationLandscapeRight";
				INFOPLIST_KEY_UISupportedInterfaceOrientations_iPhone = "UIInterfaceOrientationPortrait UIInterfaceOrientationLandscapeLeft UIInterfaceOrientationLandscapeRight";
				LD_RUNPATH_SEARCH_PATHS = (
					"$(inherited)",
					"@executable_path/Frameworks",
				);
				MARKETING_VERSION = 1.0;
				PRODUCT_BUNDLE_IDENTIFIER = "erickmxav.Build-Netflix";
				PRODUCT_NAME = "$(TARGET_NAME)";
				SWIFT_EMIT_LOC_STRINGS = YES;
				SWIFT_VERSION = 5.0;
				TARGETED_DEVICE_FAMILY = "1,2";
			};
			name = Debug;
		};
		AF60132C28EE623E00E2796A /* Release */ = {
			isa = XCBuildConfiguration;
			buildSettings = {
				ASSETCATALOG_COMPILER_APPICON_NAME = AppIcon;
				ASSETCATALOG_COMPILER_GLOBAL_ACCENT_COLOR_NAME = AccentColor;
				CODE_SIGN_STYLE = Automatic;
				CURRENT_PROJECT_VERSION = 1;
				DEVELOPMENT_ASSET_PATHS = "\"Build Netflix/Preview Content\"";
				DEVELOPMENT_TEAM = 8462M2Q487;
				ENABLE_PREVIEWS = YES;
				GENERATE_INFOPLIST_FILE = YES;
				INFOPLIST_KEY_UIApplicationSceneManifest_Generation = YES;
				INFOPLIST_KEY_UIApplicationSupportsIndirectInputEvents = YES;
				INFOPLIST_KEY_UILaunchScreen_Generation = YES;
				INFOPLIST_KEY_UISupportedInterfaceOrientations_iPad = "UIInterfaceOrientationPortrait UIInterfaceOrientationPortraitUpsideDown UIInterfaceOrientationLandscapeLeft UIInterfaceOrientationLandscapeRight";
				INFOPLIST_KEY_UISupportedInterfaceOrientations_iPhone = "UIInterfaceOrientationPortrait UIInterfaceOrientationLandscapeLeft UIInterfaceOrientationLandscapeRight";
				LD_RUNPATH_SEARCH_PATHS = (
					"$(inherited)",
					"@executable_path/Frameworks",
				);
				MARKETING_VERSION = 1.0;
				PRODUCT_BUNDLE_IDENTIFIER = "erickmxav.Build-Netflix";
				PRODUCT_NAME = "$(TARGET_NAME)";
				SWIFT_EMIT_LOC_STRINGS = YES;
				SWIFT_VERSION = 5.0;
				TARGETED_DEVICE_FAMILY = "1,2";
			};
			name = Release;
		};
/* End XCBuildConfiguration section */

/* Begin XCConfigurationList section */
		AF60131728EE623D00E2796A /* Build configuration list for PBXProject "Build Netflix" */ = {
			isa = XCConfigurationList;
			buildConfigurations = (
				AF60132828EE623E00E2796A /* Debug */,
				AF60132928EE623E00E2796A /* Release */,
			);
			defaultConfigurationIsVisible = 0;
			defaultConfigurationName = Release;
		};
		AF60132A28EE623E00E2796A /* Build configuration list for PBXNativeTarget "Build Netflix" */ = {
			isa = XCConfigurationList;
			buildConfigurations = (
				AF60132B28EE623E00E2796A /* Debug */,
				AF60132C28EE623E00E2796A /* Release */,
			);
			defaultConfigurationIsVisible = 0;
			defaultConfigurationName = Release;
		};
/* End XCConfigurationList section */

/* Begin XCRemoteSwiftPackageReference section */
		AF60133828EE69AA00E2796A /* XCRemoteSwiftPackageReference "Kingfisher" */ = {
			isa = XCRemoteSwiftPackageReference;
			repositoryURL = "https://github.com/onevcat/Kingfisher/";
			requirement = {
				kind = upToNextMajorVersion;
				minimumVersion = 5.14.1;
			};
		};
/* End XCRemoteSwiftPackageReference section */

/* Begin XCSwiftPackageProductDependency section */
		AF60133928EE69AA00E2796A /* KingfisherSwiftUI */ = {
			isa = XCSwiftPackageProductDependency;
			package = AF60133828EE69AA00E2796A /* XCRemoteSwiftPackageReference "Kingfisher" */;
			productName = KingfisherSwiftUI;
		};
/* End XCSwiftPackageProductDependency section */
	};
	rootObject = AF60131428EE623D00E2796A /* Project object */;
}
